
Microsoft Visual Studio Solution File, Format Version 12.00
# Visual Studio 14
VisualStudioVersion = 14.0.23107.0
MinimumVisualStudioVersion = 10.0.40219.1
Project("{FAE04EC0-301F-11D3-BF4B-00C04F79EFBC}") = "EchoNestNET", "EchoNestNET\EchoNestNET.csproj", "{E209657C-0887-47BF-82B3-1F7D56EB400F}"
EndProject
Project("{FAE04EC0-301F-11D3-BF4B-00C04F79EFBC}") = "Tests", "Tests\Tests.csproj", "{C9DBD855-0491-44DF-A6C1-90CBC1FA5B5C}"
EndProject
Global
	GlobalSection(SolutionConfigurationPlatforms) = preSolution
		Debug|Any CPU = Debug|Any CPU
		Release|Any CPU = Release|Any CPU
	EndGlobalSection
	GlobalSection(ProjectConfigurationPlatforms) = postSolution
		{E209657C-0887-47BF-82B3-1F7D56EB400F}.Debug|Any CPU.ActiveCfg = Debug|Any CPU
		{E209657C-0887-47BF-82B3-1F7D56EB400F}.Debug|Any CPU.Build.0 = Debug|Any CPU
		{E209657C-0887-47BF-82B3-1F7D56EB400F}.Release|Any CPU.ActiveCfg = Release|Any CPU
		{E209657C-0887-47BF-82B3-1F7D56EB400F}.Release|Any CPU.Build.0 = Release|Any CPU
		{C9DBD855-0491-44DF-A6C1-90CBC1FA5B5C}.Debug|Any CPU.ActiveCfg = Debug|Any CPU
		{C9DBD855-0491-44DF-A6C1-90CBC1FA5B5C}.Debug|Any CPU.Build.0 = Debug|Any CPU
		{C9DBD855-0491-44DF-A6C1-90CBC1FA5B5C}.Release|Any CPU.ActiveCfg = Release|Any CPU
		{C9DBD855-0491-44DF-A6C1-90CBC1FA5B5C}.Release|Any CPU.Build.0 = Release|Any CPU
	EndGlobalSection
	GlobalSection(SolutionProperties) = preSolution
		HideSolutionNode = FALSE
	EndGlobalSection
EndGlobal
